
Microsoft Visual Studio Solution File, Format Version 12.00
# Visual Studio Version 17
VisualStudioVersion = 17.0.31903.59
MinimumVisualStudioVersion = 10.0.40219.1
Project("{2150E333-8FDC-42A3-9474-1A3956D46DE8}") = "src", "src", "{827E0CD3-B72D-47B6-A68D-7590B98EB39B}"
EndProject
Project("{FAE04EC0-301F-11D3-BF4B-00C04F79EFBC}") = "ArcadeBasic.Core", "src\ArcadeBasic.Core\ArcadeBasic.Core.csproj", "{262BB828-AC48-43A2-A1A1-6956F2673F3A}"
EndProject
Project("{FAE04EC0-301F-11D3-BF4B-00C04F79EFBC}") = "ArcadeBasic.Lexer", "src\ArcadeBasic.Lexer\ArcadeBasic.Lexer.csproj", "{A0CFAB27-07ED-43F5-82D4-F56D351DFBAC}"
EndProject
Project("{FAE04EC0-301F-11D3-BF4B-00C04F79EFBC}") = "ArcadeBasic.Parser", "src\ArcadeBasic.Parser\ArcadeBasic.Parser.csproj", "{D0BD0674-2F3D-48D9-8964-5688DCDE6745}"
EndProject
Project("{FAE04EC0-301F-11D3-BF4B-00C04F79EFBC}") = "ArcadeBasic.Sema", "src\ArcadeBasic.Sema\ArcadeBasic.Sema.csproj", "{3198E9F7-2133-45F2-835C-F0D00EA045E9}"
EndProject
Project("{FAE04EC0-301F-11D3-BF4B-00C04F79EFBC}") = "ArcadeBasic.Runtime", "src\ArcadeBasic.Runtime\ArcadeBasic.Runtime.csproj", "{26EE4263-13DC-46D6-87C9-11A16AFBCE2E}"
EndProject
Project("{FAE04EC0-301F-11D3-BF4B-00C04F79EFBC}") = "ArcadeBasic.Interpreter", "src\ArcadeBasic.Interpreter\ArcadeBasic.Interpreter.csproj", "{717E58F0-4ED7-435C-BD40-17DACDAB4017}"
EndProject
Project("{FAE04EC0-301F-11D3-BF4B-00C04F79EFBC}") = "ArcadeBasic.Bytecode", "src\ArcadeBasic.Bytecode\ArcadeBasic.Bytecode.csproj", "{3E82CC60-F9A8-4461-8106-B44C5936EDC8}"
EndProject
Project("{FAE04EC0-301F-11D3-BF4B-00C04F79EFBC}") = "ArcadeBasic.Vm", "src\ArcadeBasic.Vm\ArcadeBasic.Vm.csproj", "{5C5DB470-E9FC-455A-A593-74D5D7FC8D55}"
EndProject
Project("{FAE04EC0-301F-11D3-BF4B-00C04F79EFBC}") = "ArcadeBasic.Compiler", "src\ArcadeBasic.Compiler\ArcadeBasic.Compiler.csproj", "{EBF404E1-EB0F-4EFB-B172-381BFF829D8D}"
EndProject
Project("{FAE04EC0-301F-11D3-BF4B-00C04F79EFBC}") = "ArcadeBasic.Cli", "src\ArcadeBasic.Cli\ArcadeBasic.Cli.csproj", "{2A187491-50EE-4964-B191-5BA2E508EE40}"
EndProject
Project("{FAE04EC0-301F-11D3-BF4B-00C04F79EFBC}") = "ArcadeBasic.Lexer.Tests", "test\ArcadeBasic.Lexer.Tests\ArcadeBasic.Lexer.Tests.csproj", "{5406FE38-985B-4168-A1D0-32630AEC014F}"
EndProject
Project("{FAE04EC0-301F-11D3-BF4B-00C04F79EFBC}") = "ArcadeBasic.Parser.Tests", "test\ArcadeBasic.Parser.Tests\ArcadeBasic.Parser.Tests.csproj", "{E782C9CF-48FC-4E1E-A7C2-26AC7F33108C}"
EndProject
Project("{FAE04EC0-301F-11D3-BF4B-00C04F79EFBC}") = "ArcadeBasic.Sema.Tests", "test\ArcadeBasic.Sema.Tests\ArcadeBasic.Sema.Tests.csproj", "{D32AA72A-86F4-47C4-83AB-B9AC51CFD6CF}"
EndProject
Project("{FAE04EC0-301F-11D3-BF4B-00C04F79EFBC}") = "ArcadeBasic.Runtime.Tests", "test\ArcadeBasic.Runtime.Tests\ArcadeBasic.Runtime.Tests.csproj", "{F4B6C159-9F82-480D-B541-C78D9B4CE633}"
EndProject
Project("{FAE04EC0-301F-11D3-BF4B-00C04F79EFBC}") = "ArcadeBasic.Interpreter.Tests", "test\ArcadeBasic.Interpreter.Tests\ArcadeBasic.Interpreter.Tests.csproj", "{BD3739AE-6AAC-4B1F-9FFC-C8D4F5CAA0F0}"
EndProject
Project("{FAE04EC0-301F-11D3-BF4B-00C04F79EFBC}") = "ArcadeBasic.Vm.Tests", "test\ArcadeBasic.Vm.Tests\ArcadeBasic.Vm.Tests.csproj", "{24A9431C-BB76-409E-881F-A5DFF46ECD14}"
EndProject
Project("{FAE04EC0-301F-11D3-BF4B-00C04F79EFBC}") = "ArcadeBasic.Conformance.Tests", "test\ArcadeBasic.Conformance.Tests\ArcadeBasic.Conformance.Tests.csproj", "{53B6AD4C-E3C8-45E7-A906-6AAC54714843}"
EndProject
Global
	GlobalSection(SolutionConfigurationPlatforms) = preSolution
		Debug|Any CPU = Debug|Any CPU
		Debug|x64 = Debug|x64
		Debug|x86 = Debug|x86
		Release|Any CPU = Release|Any CPU
		Release|x64 = Release|x64
		Release|x86 = Release|x86
	EndGlobalSection
	GlobalSection(ProjectConfigurationPlatforms) = postSolution
		{262BB828-AC48-43A2-A1A1-6956F2673F3A}.Debug|Any CPU.ActiveCfg = Debug|Any CPU
		{262BB828-AC48-43A2-A1A1-6956F2673F3A}.Debug|Any CPU.Build.0 = Debug|Any CPU
		{262BB828-AC48-43A2-A1A1-6956F2673F3A}.Debug|x64.ActiveCfg = Debug|Any CPU
		{262BB828-AC48-43A2-A1A1-6956F2673F3A}.Debug|x64.Build.0 = Debug|Any CPU
		{262BB828-AC48-43A2-A1A1-6956F2673F3A}.Debug|x86.ActiveCfg = Debug|Any CPU
		{262BB828-AC48-43A2-A1A1-6956F2673F3A}.Debug|x86.Build.0 = Debug|Any CPU
		{262BB828-AC48-43A2-A1A1-6956F2673F3A}.Release|Any CPU.ActiveCfg = Release|Any CPU
		{262BB828-AC48-43A2-A1A1-6956F2673F3A}.Release|Any CPU.Build.0 = Release|Any CPU
		{262BB828-AC48-43A2-A1A1-6956F2673F3A}.Release|x64.ActiveCfg = Release|Any CPU
		{262BB828-AC48-43A2-A1A1-6956F2673F3A}.Release|x64.Build.0 = Release|Any CPU
		{262BB828-AC48-43A2-A1A1-6956F2673F3A}.Release|x86.ActiveCfg = Release|Any CPU
		{262BB828-AC48-43A2-A1A1-6956F2673F3A}.Release|x86.Build.0 = Release|Any CPU
		{A0CFAB27-07ED-43F5-82D4-F56D351DFBAC}.Debug|Any CPU.ActiveCfg = Debug|Any CPU
		{A0CFAB27-07ED-43F5-82D4-F56D351DFBAC}.Debug|Any CPU.Build.0 = Debug|Any CPU
		{A0CFAB27-07ED-43F5-82D4-F56D351DFBAC}.Debug|x64.ActiveCfg = Debug|Any CPU
		{A0CFAB27-07ED-43F5-82D4-F56D351DFBAC}.Debug|x64.Build.0 = Debug|Any CPU
		{A0CFAB27-07ED-43F5-82D4-F56D351DFBAC}.Debug|x86.ActiveCfg = Debug|Any CPU
		{A0CFAB27-07ED-43F5-82D4-F56D351DFBAC}.Debug|x86.Build.0 = Debug|Any CPU
		{A0CFAB27-07ED-43F5-82D4-F56D351DFBAC}.Release|Any CPU.ActiveCfg = Release|Any CPU
		{A0CFAB27-07ED-43F5-82D4-F56D351DFBAC}.Release|Any CPU.Build.0 = Release|Any CPU
		{A0CFAB27-07ED-43F5-82D4-F56D351DFBAC}.Release|x64.ActiveCfg = Release|Any CPU
		{A0CFAB27-07ED-43F5-82D4-F56D351DFBAC}.Release|x64.Build.0 = Release|Any CPU
		{A0CFAB27-07ED-43F5-82D4-F56D351DFBAC}.Release|x86.ActiveCfg = Release|Any CPU
		{A0CFAB27-07ED-43F5-82D4-F56D351DFBAC}.Release|x86.Build.0 = Release|Any CPU
		{D0BD0674-2F3D-48D9-8964-5688DCDE6745}.Debug|Any CPU.ActiveCfg = Debug|Any CPU
		{D0BD0674-2F3D-48D9-8964-5688DCDE6745}.Debug|Any CPU.Build.0 = Debug|Any CPU
		{D0BD0674-2F3D-48D9-8964-5688DCDE6745}.Debug|x64.ActiveCfg = Debug|Any CPU
		{D0BD0674-2F3D-48D9-8964-5688DCDE6745}.Debug|x64.Build.0 = Debug|Any CPU
		{D0BD0674-2F3D-48D9-8964-5688DCDE6745}.Debug|x86.ActiveCfg = Debug|Any CPU
		{D0BD0674-2F3D-48D9-8964-5688DCDE6745}.Debug|x86.Build.0 = Debug|Any CPU
		{D0BD0674-2F3D-48D9-8964-5688DCDE6745}.Release|Any CPU.ActiveCfg = Release|Any CPU
		{D0BD0674-2F3D-48D9-8964-5688DCDE6745}.Release|Any CPU.Build.0 = Release|Any CPU
		{D0BD0674-2F3D-48D9-8964-5688DCDE6745}.Release|x64.ActiveCfg = Release|Any CPU
		{D0BD0674-2F3D-48D9-8964-5688DCDE6745}.Release|x64.Build.0 = Release|Any CPU
		{D0BD0674-2F3D-48D9-8964-5688DCDE6745}.Release|x86.ActiveCfg = Release|Any CPU
		{D0BD0674-2F3D-48D9-8964-5688DCDE6745}.Release|x86.Build.0 = Release|Any CPU
		{3198E9F7-2133-45F2-835C-F0D00EA045E9}.Debug|Any CPU.ActiveCfg = Debug|Any CPU
		{3198E9F7-2133-45F2-835C-F0D00EA045E9}.Debug|Any CPU.Build.0 = Debug|Any CPU
		{3198E9F7-2133-45F2-835C-F0D00EA045E9}.Debug|x64.ActiveCfg = Debug|Any CPU
		{3198E9F7-2133-45F2-835C-F0D00EA045E9}.Debug|x64.Build.0 = Debug|Any CPU
		{3198E9F7-2133-45F2-835C-F0D00EA045E9}.Debug|x86.ActiveCfg = Debug|Any CPU
		{3198E9F7-2133-45F2-835C-F0D00EA045E9}.Debug|x86.Build.0 = Debug|Any CPU
		{3198E9F7-2133-45F2-835C-F0D00EA045E9}.Release|Any CPU.ActiveCfg = Release|Any CPU
		{3198E9F7-2133-45F2-835C-F0D00EA045E9}.Release|Any CPU.Build.0 = Release|Any CPU
		{3198E9F7-2133-45F2-835C-F0D00EA045E9}.Release|x64.ActiveCfg = Release|Any CPU
		{3198E9F7-2133-45F2-835C-F0D00EA045E9}.Release|x64.Build.0 = Release|Any CPU
		{3198E9F7-2133-45F2-835C-F0D00EA045E9}.Release|x86.ActiveCfg = Release|Any CPU
		{3198E9F7-2133-45F2-835C-F0D00EA045E9}.Release|x86.Build.0 = Release|Any CPU
		{26EE4263-13DC-46D6-87C9-11A16AFBCE2E}.Debug|Any CPU.ActiveCfg = Debug|Any CPU
		{26EE4263-13DC-46D6-87C9-11A16AFBCE2E}.Debug|Any CPU.Build.0 = Debug|Any CPU
		{26EE4263-13DC-46D6-87C9-11A16AFBCE2E}.Debug|x64.ActiveCfg = Debug|Any CPU
		{26EE4263-13DC-46D6-87C9-11A16AFBCE2E}.Debug|x64.Build.0 = Debug|Any CPU
		{26EE4263-13DC-46D6-87C9-11A16AFBCE2E}.Debug|x86.ActiveCfg = Debug|Any CPU
		{26EE4263-13DC-46D6-87C9-11A16AFBCE2E}.Debug|x86.Build.0 = Debug|Any CPU
		{26EE4263-13DC-46D6-87C9-11A16AFBCE2E}.Release|Any CPU.ActiveCfg = Release|Any CPU
		{26EE4263-13DC-46D6-87C9-11A16AFBCE2E}.Release|Any CPU.Build.0 = Release|Any CPU
		{26EE4263-13DC-46D6-87C9-11A16AFBCE2E}.Release|x64.ActiveCfg = Release|Any CPU
		{26EE4263-13DC-46D6-87C9-11A16AFBCE2E}.Release|x64.Build.0 = Release|Any CPU
		{26EE4263-13DC-46D6-87C9-11A16AFBCE2E}.Release|x86.ActiveCfg = Release|Any CPU
		{26EE4263-13DC-46D6-87C9-11A16AFBCE2E}.Release|x86.Build.0 = Release|Any CPU
		{717E58F0-4ED7-435C-BD40-17DACDAB4017}.Debug|Any CPU.ActiveCfg = Debug|Any CPU
		{717E58F0-4ED7-435C-BD40-17DACDAB4017}.Debug|Any CPU.Build.0 = Debug|Any CPU
		{717E58F0-4ED7-435C-BD40-17DACDAB4017}.Debug|x64.ActiveCfg = Debug|Any CPU
		{717E58F0-4ED7-435C-BD40-17DACDAB4017}.Debug|x64.Build.0 = Debug|Any CPU
		{717E58F0-4ED7-435C-BD40-17DACDAB4017}.Debug|x86.ActiveCfg = Debug|Any CPU
		{717E58F0-4ED7-435C-BD40-17DACDAB4017}.Debug|x86.Build.0 = Debug|Any CPU
		{717E58F0-4ED7-435C-BD40-17DACDAB4017}.Release|Any CPU.ActiveCfg = Release|Any CPU
		{717E58F0-4ED7-435C-BD40-17DACDAB4017}.Release|Any CPU.Build.0 = Release|Any CPU
		{717E58F0-4ED7-435C-BD40-17DACDAB4017}.Release|x64.ActiveCfg = Release|Any CPU
		{717E58F0-4ED7-435C-BD40-17DACDAB4017}.Release|x64.Build.0 = Release|Any CPU
		{717E58F0-4ED7-435C-BD40-17DACDAB4017}.Release|x86.ActiveCfg = Release|Any CPU
		{717E58F0-4ED7-435C-BD40-17DACDAB4017}.Release|x86.Build.0 = Release|Any CPU
		{3E82CC60-F9A8-4461-8106-B44C5936EDC8}.Debug|Any CPU.ActiveCfg = Debug|Any CPU
		{3E82CC60-F9A8-4461-8106-B44C5936EDC8}.Debug|Any CPU.Build.0 = Debug|Any CPU
		{3E82CC60-F9A8-4461-8106-B44C5936EDC8}.Debug|x64.ActiveCfg = Debug|Any CPU
		{3E82CC60-F9A8-4461-8106-B44C5936EDC8}.Debug|x64.Build.0 = Debug|Any CPU
		{3E82CC60-F9A8-4461-8106-B44C5936EDC8}.Debug|x86.ActiveCfg = Debug|Any CPU
		{3E82CC60-F9A8-4461-8106-B44C5936EDC8}.Debug|x86.Build.0 = Debug|Any CPU
		{3E82CC60-F9A8-4461-8106-B44C5936EDC8}.Release|Any CPU.ActiveCfg = Release|Any CPU
		{3E82CC60-F9A8-4461-8106-B44C5936EDC8}.Release|Any CPU.Build.0 = Release|Any CPU
		{3E82CC60-F9A8-4461-8106-B44C5936EDC8}.Release|x64.ActiveCfg = Release|Any CPU
		{3E82CC60-F9A8-4461-8106-B44C5936EDC8}.Release|x64.Build.0 = Release|Any CPU
		{3E82CC60-F9A8-4461-8106-B44C5936EDC8}.Release|x86.ActiveCfg = Release|Any CPU
		{3E82CC60-F9A8-4461-8106-B44C5936EDC8}.Release|x86.Build.0 = Release|Any CPU
		{5C5DB470-E9FC-455A-A593-74D5D7FC8D55}.Debug|Any CPU.ActiveCfg = Debug|Any CPU
		{5C5DB470-E9FC-455A-A593-74D5D7FC8D55}.Debug|Any CPU.Build.0 = Debug|Any CPU
		{5C5DB470-E9FC-455A-A593-74D5D7FC8D55}.Debug|x64.ActiveCfg = Debug|Any CPU
		{5C5DB470-E9FC-455A-A593-74D5D7FC8D55}.Debug|x64.Build.0 = Debug|Any CPU
		{5C5DB470-E9FC-455A-A593-74D5D7FC8D55}.Debug|x86.ActiveCfg = Debug|Any CPU
		{5C5DB470-E9FC-455A-A593-74D5D7FC8D55}.Debug|x86.Build.0 = Debug|Any CPU
		{5C5DB470-E9FC-455A-A593-74D5D7FC8D55}.Release|Any CPU.ActiveCfg = Release|Any CPU
		{5C5DB470-E9FC-455A-A593-74D5D7FC8D55}.Release|Any CPU.Build.0 = Release|Any CPU
		{5C5DB470-E9FC-455A-A593-74D5D7FC8D55}.Release|x64.ActiveCfg = Release|Any CPU
		{5C5DB470-E9FC-455A-A593-74D5D7FC8D55}.Release|x64.Build.0 = Release|Any CPU
		{5C5DB470-E9FC-455A-A593-74D5D7FC8D55}.Release|x86.ActiveCfg = Release|Any CPU
		{5C5DB470-E9FC-455A-A593-74D5D7FC8D55}.Release|x86.Build.0 = Release|Any CPU
		{EBF404E1-EB0F-4EFB-B172-381BFF829D8D}.Debug|Any CPU.ActiveCfg = Debug|Any CPU
		{EBF404E1-EB0F-4EFB-B172-381BFF829D8D}.Debug|Any CPU.Build.0 = Debug|Any CPU
		{EBF404E1-EB0F-4EFB-B172-381BFF829D8D}.Debug|x64.ActiveCfg = Debug|Any CPU
		{EBF404E1-EB0F-4EFB-B172-381BFF829D8D}.Debug|x64.Build.0 = Debug|Any CPU
		{EBF404E1-EB0F-4EFB-B172-381BFF829D8D}.Debug|x86.ActiveCfg = Debug|Any CPU
		{EBF404E1-EB0F-4EFB-B172-381BFF829D8D}.Debug|x86.Build.0 = Debug|Any CPU
		{EBF404E1-EB0F-4EFB-B172-381BFF829D8D}.Release|Any CPU.ActiveCfg = Release|Any CPU
		{EBF404E1-EB0F-4EFB-B172-381BFF829D8D}.Release|Any CPU.Build.0 = Release|Any CPU
		{EBF404E1-EB0F-4EFB-B172-381BFF829D8D}.Release|x64.ActiveCfg = Release|Any CPU
		{EBF404E1-EB0F-4EFB-B172-381BFF829D8D}.Release|x64.Build.0 = Release|Any CPU
		{EBF404E1-EB0F-4EFB-B172-381BFF829D8D}.Release|x86.ActiveCfg = Release|Any CPU
		{EBF404E1-EB0F-4EFB-B172-381BFF829D8D}.Release|x86.Build.0 = Release|Any CPU
		{2A187491-50EE-4964-B191-5BA2E508EE40}.Debug|Any CPU.ActiveCfg = Debug|Any CPU
		{2A187491-50EE-4964-B191-5BA2E508EE40}.Debug|Any CPU.Build.0 = Debug|Any CPU
		{2A187491-50EE-4964-B191-5BA2E508EE40}.Debug|x64.ActiveCfg = Debug|Any CPU
		{2A187491-50EE-4964-B191-5BA2E508EE40}.Debug|x64.Build.0 = Debug|Any CPU
		{2A187491-50EE-4964-B191-5BA2E508EE40}.Debug|x86.ActiveCfg = Debug|Any CPU
		{2A187491-50EE-4964-B191-5BA2E508EE40}.Debug|x86.Build.0 = Debug|Any CPU
		{2A187491-50EE-4964-B191-5BA2E508EE40}.Release|Any CPU.ActiveCfg = Release|Any CPU
		{2A187491-50EE-4964-B191-5BA2E508EE40}.Release|Any CPU.Build.0 = Release|Any CPU
		{2A187491-50EE-4964-B191-5BA2E508EE40}.Release|x64.ActiveCfg = Release|Any CPU
		{2A187491-50EE-4964-B191-5BA2E508EE40}.Release|x64.Build.0 = Release|Any CPU
		{2A187491-50EE-4964-B191-5BA2E508EE40}.Release|x86.ActiveCfg = Release|Any CPU
		{2A187491-50EE-4964-B191-5BA2E508EE40}.Release|x86.Build.0 = Release|Any CPU
		{5406FE38-985B-4168-A1D0-32630AEC014F}.Debug|Any CPU.ActiveCfg = Debug|Any CPU
		{5406FE38-985B-4168-A1D0-32630AEC014F}.Debug|Any CPU.Build.0 = Debug|Any CPU
		{5406FE38-985B-4168-A1D0-32630AEC014F}.Debug|x64.ActiveCfg = Debug|Any CPU
		{5406FE38-985B-4168-A1D0-32630AEC014F}.Debug|x64.Build.0 = Debug|Any CPU
		{5406FE38-985B-4168-A1D0-32630AEC014F}.Debug|x86.ActiveCfg = Debug|Any CPU
		{5406FE38-985B-4168-A1D0-32630AEC014F}.Debug|x86.Build.0 = Debug|Any CPU
		{5406FE38-985B-4168-A1D0-32630AEC014F}.Release|Any CPU.ActiveCfg = Release|Any CPU
		{5406FE38-985B-4168-A1D0-32630AEC014F}.Release|Any CPU.Build.0 = Release|Any CPU
		{5406FE38-985B-4168-A1D0-32630AEC014F}.Release|x64.ActiveCfg = Release|Any CPU
		{5406FE38-985B-4168-A1D0-32630AEC014F}.Release|x64.Build.0 = Release|Any CPU
		{5406FE38-985B-4168-A1D0-32630AEC014F}.Release|x86.ActiveCfg = Release|Any CPU
		{5406FE38-985B-4168-A1D0-32630AEC014F}.Release|x86.Build.0 = Release|Any CPU
		{E782C9CF-48FC-4E1E-A7C2-26AC7F33108C}.Debug|Any CPU.ActiveCfg = Debug|Any CPU
		{E782C9CF-48FC-4E1E-A7C2-26AC7F33108C}.Debug|Any CPU.Build.0 = Debug|Any CPU
		{E782C9CF-48FC-4E1E-A7C2-26AC7F33108C}.Debug|x64.ActiveCfg = Debug|Any CPU
		{E782C9CF-48FC-4E1E-A7C2-26AC7F33108C}.Debug|x64.Build.0 = Debug|Any CPU
		{E782C9CF-48FC-4E1E-A7C2-26AC7F33108C}.Debug|x86.ActiveCfg = Debug|Any CPU
		{E782C9CF-48FC-4E1E-A7C2-26AC7F33108C}.Debug|x86.Build.0 = Debug|Any CPU
		{E782C9CF-48FC-4E1E-A7C2-26AC7F33108C}.Release|Any CPU.ActiveCfg = Release|Any CPU
		{E782C9CF-48FC-4E1E-A7C2-26AC7F33108C}.Release|Any CPU.Build.0 = Release|Any CPU
		{E782C9CF-48FC-4E1E-A7C2-26AC7F33108C}.Release|x64.ActiveCfg = Release|Any CPU
		{E782C9CF-48FC-4E1E-A7C2-26AC7F33108C}.Release|x64.Build.0 = Release|Any CPU
		{E782C9CF-48FC-4E1E-A7C2-26AC7F33108C}.Release|x86.ActiveCfg = Release|Any CPU
		{E782C9CF-48FC-4E1E-A7C2-26AC7F33108C}.Release|x86.Build.0 = Release|Any CPU
		{D32AA72A-86F4-47C4-83AB-B9AC51CFD6CF}.Debug|Any CPU.ActiveCfg = Debug|Any CPU
		{D32AA72A-86F4-47C4-83AB-B9AC51CFD6CF}.Debug|Any CPU.Build.0 = Debug|Any CPU
		{D32AA72A-86F4-47C4-83AB-B9AC51CFD6CF}.Debug|x64.ActiveCfg = Debug|Any CPU
		{D32AA72A-86F4-47C4-83AB-B9AC51CFD6CF}.Debug|x64.Build.0 = Debug|Any CPU
		{D32AA72A-86F4-47C4-83AB-B9AC51CFD6CF}.Debug|x86.ActiveCfg = Debug|Any CPU
		{D32AA72A-86F4-47C4-83AB-B9AC51CFD6CF}.Debug|x86.Build.0 = Debug|Any CPU
		{D32AA72A-86F4-47C4-83AB-B9AC51CFD6CF}.Release|Any CPU.ActiveCfg = Release|Any CPU
		{D32AA72A-86F4-47C4-83AB-B9AC51CFD6CF}.Release|Any CPU.Build.0 = Release|Any CPU
		{D32AA72A-86F4-47C4-83AB-B9AC51CFD6CF}.Release|x64.ActiveCfg = Release|Any CPU
		{D32AA72A-86F4-47C4-83AB-B9AC51CFD6CF}.Release|x64.Build.0 = Release|Any CPU
		{D32AA72A-86F4-47C4-83AB-B9AC51CFD6CF}.Release|x86.ActiveCfg = Release|Any CPU
		{D32AA72A-86F4-47C4-83AB-B9AC51CFD6CF}.Release|x86.Build.0 = Release|Any CPU
		{F4B6C159-9F82-480D-B541-C78D9B4CE633}.Debug|Any CPU.ActiveCfg = Debug|Any CPU
		{F4B6C159-9F82-480D-B541-C78D9B4CE633}.Debug|Any CPU.Build.0 = Debug|Any CPU
		{F4B6C159-9F82-480D-B541-C78D9B4CE633}.Debug|x64.ActiveCfg = Debug|Any CPU
		{F4B6C159-9F82-480D-B541-C78D9B4CE633}.Debug|x64.Build.0 = Debug|Any CPU
		{F4B6C159-9F82-480D-B541-C78D9B4CE633}.Debug|x86.ActiveCfg = Debug|Any CPU
		{F4B6C159-9F82-480D-B541-C78D9B4CE633}.Debug|x86.Build.0 = Debug|Any CPU
		{F4B6C159-9F82-480D-B541-C78D9B4CE633}.Release|Any CPU.ActiveCfg = Release|Any CPU
		{F4B6C159-9F82-480D-B541-C78D9B4CE633}.Release|Any CPU.Build.0 = Release|Any CPU
		{F4B6C159-9F82-480D-B541-C78D9B4CE633}.Release|x64.ActiveCfg = Release|Any CPU
		{F4B6C159-9F82-480D-B541-C78D9B4CE633}.Release|x64.Build.0 = Release|Any CPU
		{F4B6C159-9F82-480D-B541-C78D9B4CE633}.Release|x86.ActiveCfg = Release|Any CPU
		{F4B6C159-9F82-480D-B541-C78D9B4CE633}.Release|x86.Build.0 = Release|Any CPU
		{BD3739AE-6AAC-4B1F-9FFC-C8D4F5CAA0F0}.Debug|Any CPU.ActiveCfg = Debug|Any CPU
		{BD3739AE-6AAC-4B1F-9FFC-C8D4F5CAA0F0}.Debug|Any CPU.Build.0 = Debug|Any CPU
		{BD3739AE-6AAC-4B1F-9FFC-C8D4F5CAA0F0}.Debug|x64.ActiveCfg = Debug|Any CPU
		{BD3739AE-6AAC-4B1F-9FFC-C8D4F5CAA0F0}.Debug|x64.Build.0 = Debug|Any CPU
		{BD3739AE-6AAC-4B1F-9FFC-C8D4F5CAA0F0}.Debug|x86.ActiveCfg = Debug|Any CPU
		{BD3739AE-6AAC-4B1F-9FFC-C8D4F5CAA0F0}.Debug|x86.Build.0 = Debug|Any CPU
		{BD3739AE-6AAC-4B1F-9FFC-C8D4F5CAA0F0}.Release|Any CPU.ActiveCfg = Release|Any CPU
		{BD3739AE-6AAC-4B1F-9FFC-C8D4F5CAA0F0}.Release|Any CPU.Build.0 = Release|Any CPU
		{BD3739AE-6AAC-4B1F-9FFC-C8D4F5CAA0F0}.Release|x64.ActiveCfg = Release|Any CPU
		{BD3739AE-6AAC-4B1F-9FFC-C8D4F5CAA0F0}.Release|x64.Build.0 = Release|Any CPU
		{BD3739AE-6AAC-4B1F-9FFC-C8D4F5CAA0F0}.Release|x86.ActiveCfg = Release|Any CPU
		{BD3739AE-6AAC-4B1F-9FFC-C8D4F5CAA0F0}.Release|x86.Build.0 = Release|Any CPU
		{24A9431C-BB76-409E-881F-A5DFF46ECD14}.Debug|Any CPU.ActiveCfg = Debug|Any CPU
		{24A9431C-BB76-409E-881F-A5DFF46ECD14}.Debug|Any CPU.Build.0 = Debug|Any CPU
		{24A9431C-BB76-409E-881F-A5DFF46ECD14}.Debug|x64.ActiveCfg = Debug|Any CPU
		{24A9431C-BB76-409E-881F-A5DFF46ECD14}.Debug|x64.Build.0 = Debug|Any CPU
		{24A9431C-BB76-409E-881F-A5DFF46ECD14}.Debug|x86.ActiveCfg = Debug|Any CPU
		{24A9431C-BB76-409E-881F-A5DFF46ECD14}.Debug|x86.Build.0 = Debug|Any CPU
		{24A9431C-BB76-409E-881F-A5DFF46ECD14}.Release|Any CPU.ActiveCfg = Release|Any CPU
		{24A9431C-BB76-409E-881F-A5DFF46ECD14}.Release|Any CPU.Build.0 = Release|Any CPU
		{24A9431C-BB76-409E-881F-A5DFF46ECD14}.Release|x64.ActiveCfg = Release|Any CPU
		{24A9431C-BB76-409E-881F-A5DFF46ECD14}.Release|x64.Build.0 = Release|Any CPU
		{24A9431C-BB76-409E-881F-A5DFF46ECD14}.Release|x86.ActiveCfg = Release|Any CPU
		{24A9431C-BB76-409E-881F-A5DFF46ECD14}.Release|x86.Build.0 = Release|Any CPU
		{53B6AD4C-E3C8-45E7-A906-6AAC54714843}.Debug|Any CPU.ActiveCfg = Debug|Any CPU
		{53B6AD4C-E3C8-45E7-A906-6AAC54714843}.Debug|Any CPU.Build.0 = Debug|Any CPU
		{53B6AD4C-E3C8-45E7-A906-6AAC54714843}.Debug|x64.ActiveCfg = Debug|Any CPU
		{53B6AD4C-E3C8-45E7-A906-6AAC54714843}.Debug|x64.Build.0 = Debug|Any CPU
		{53B6AD4C-E3C8-45E7-A906-6AAC54714843}.Debug|x86.ActiveCfg = Debug|Any CPU
		{53B6AD4C-E3C8-45E7-A906-6AAC54714843}.Debug|x86.Build.0 = Debug|Any CPU
		{53B6AD4C-E3C8-45E7-A906-6AAC54714843}.Release|Any CPU.ActiveCfg = Release|Any CPU
		{53B6AD4C-E3C8-45E7-A906-6AAC54714843}.Release|Any CPU.Build.0 = Release|Any CPU
		{53B6AD4C-E3C8-45E7-A906-6AAC54714843}.Release|x64.ActiveCfg = Release|Any CPU
		{53B6AD4C-E3C8-45E7-A906-6AAC54714843}.Release|x64.Build.0 = Release|Any CPU
		{53B6AD4C-E3C8-45E7-A906-6AAC54714843}.Release|x86.ActiveCfg = Release|Any CPU
		{53B6AD4C-E3C8-45E7-A906-6AAC54714843}.Release|x86.Build.0 = Release|Any CPU
	EndGlobalSection
	GlobalSection(SolutionProperties) = preSolution
		HideSolutionNode = FALSE
	EndGlobalSection
	GlobalSection(NestedProjects) = preSolution
		{262BB828-AC48-43A2-A1A1-6956F2673F3A} = {827E0CD3-B72D-47B6-A68D-7590B98EB39B}
		{A0CFAB27-07ED-43F5-82D4-F56D351DFBAC} = {827E0CD3-B72D-47B6-A68D-7590B98EB39B}
		{D0BD0674-2F3D-48D9-8964-5688DCDE6745} = {827E0CD3-B72D-47B6-A68D-7590B98EB39B}
		{3198E9F7-2133-45F2-835C-F0D00EA045E9} = {827E0CD3-B72D-47B6-A68D-7590B98EB39B}
		{26EE4263-13DC-46D6-87C9-11A16AFBCE2E} = {827E0CD3-B72D-47B6-A68D-7590B98EB39B}
		{717E58F0-4ED7-435C-BD40-17DACDAB4017} = {827E0CD3-B72D-47B6-A68D-7590B98EB39B}
		{3E82CC60-F9A8-4461-8106-B44C5936EDC8} = {827E0CD3-B72D-47B6-A68D-7590B98EB39B}
		{5C5DB470-E9FC-455A-A593-74D5D7FC8D55} = {827E0CD3-B72D-47B6-A68D-7590B98EB39B}
		{EBF404E1-EB0F-4EFB-B172-381BFF829D8D} = {827E0CD3-B72D-47B6-A68D-7590B98EB39B}
		{2A187491-50EE-4964-B191-5BA2E508EE40} = {827E0CD3-B72D-47B6-A68D-7590B98EB39B}
		{5406FE38-985B-4168-A1D0-32630AEC014F} = {827E0CD3-B72D-47B6-A68D-7590B98EB39B}
		{E782C9CF-48FC-4E1E-A7C2-26AC7F33108C} = {827E0CD3-B72D-47B6-A68D-7590B98EB39B}
		{D32AA72A-86F4-47C4-83AB-B9AC51CFD6CF} = {827E0CD3-B72D-47B6-A68D-7590B98EB39B}
		{F4B6C159-9F82-480D-B541-C78D9B4CE633} = {827E0CD3-B72D-47B6-A68D-7590B98EB39B}
		{BD3739AE-6AAC-4B1F-9FFC-C8D4F5CAA0F0} = {827E0CD3-B72D-47B6-A68D-7590B98EB39B}
		{24A9431C-BB76-409E-881F-A5DFF46ECD14} = {827E0CD3-B72D-47B6-A68D-7590B98EB39B}
		{53B6AD4C-E3C8-45E7-A906-6AAC54714843} = {827E0CD3-B72D-47B6-A68D-7590B98EB39B}
	EndGlobalSection
EndGlobal
